{
  "version": 4,
  "terraform_version": "1.4.6",
  "serial": 1,
  "lineage": "4ec8cc78-ec5f-faf0-0290-f79115031f8f",
  "outputs": {},
  "resources": [
    {
      "mode": "managed",
      "type": "local_file",
      "name": "python_file",
      "provider": "provider[\"registry.terraform.io/hashicorp/local\"]",
      "instances": [
        {
          "schema_version": 0,
          "attributes": {
            "content": "def hello_world():\n    print('Witaj, świecie!')\nhello_world()",
            "content_base64": null,
            "content_base64sha256": "5XhAEPC2s3xF+fghgKxIII34pBXglGL/UdajWptVsO0=",
            "content_base64sha512": "alQTwhIjduywniSAK8JXV5JtvO3koRv4wCCz8LYErQgK2nszxHKCSZEsfYBIgl1/iYGVNCx+cAeBoRkIdzJO8A==",
            "content_md5": "7268fbbdf67fd69b480e51ecea73ba08",
            "content_sha1": "a6bfda6664000876ce156ea233f8edf4ba9b6cf8",
            "content_sha256": "e5784010f0b6b37c45f9f82180ac48208df8a415e09462ff51d6a35a9b55b0ed",
            "content_sha512": "6a5413c2122376ecb09e24802bc25757926dbcede4a11bf8c020b3f0b604ad080ada7b33c4728249912c7d8048825d7f898195342c7e700781a1190877324ef0",
            "directory_permission": "0777",
            "file_permission": "0777",
            "filename": "hello_world.py",
            "id": "a6bfda6664000876ce156ea233f8edf4ba9b6cf8",
            "sensitive_content": null,
            "source": null
          },
          "sensitive_attributes": []
        }
      ]
    }
  ],
  "check_results": null
}
